
Microsoft Visual Studio Solution File, Format Version 12.00
# Visual Studio Version 16
VisualStudioVersion = 16.0.32002.261
MinimumVisualStudioVersion = 10.0.40219.1
Project("{FAE04EC0-301F-11D3-BF4B-00C04F79EFBC}") = "NassiBlocks", "NassiBlocks.csproj", "{459F46BF-6D0E-4674-A387-14690819CE15}"
EndProject
Global
	GlobalSection(SolutionConfigurationPlatforms) = preSolution
		Debug|Any CPU = Debug|Any CPU
		Release|Any CPU = Release|Any CPU
	EndGlobalSection
	GlobalSection(ProjectConfigurationPlatforms) = postSolution
		{459F46BF-6D0E-4674-A387-14690819CE15}.Debug|Any CPU.ActiveCfg = Debug|Any CPU
		{459F46BF-6D0E-4674-A387-14690819CE15}.Debug|Any CPU.Build.0 = Debug|Any CPU
		{459F46BF-6D0E-4674-A387-14690819CE15}.Release|Any CPU.ActiveCfg = Release|Any CPU
		{459F46BF-6D0E-4674-A387-14690819CE15}.Release|Any CPU.Build.0 = Release|Any CPU
	EndGlobalSection
	GlobalSection(SolutionProperties) = preSolution
		HideSolutionNode = FALSE
	EndGlobalSection
	GlobalSection(ExtensibilityGlobals) = postSolution
		SolutionGuid = {1BAE974A-74F4-440C-BD2D-4C45511E220E}
	EndGlobalSection
EndGlobal
